
Microsoft Visual Studio Solution File, Format Version 12.00
# Visual Studio Version 17
VisualStudioVersion = 17.13.35828.75
MinimumVisualStudioVersion = 10.0.40219.1
Project("{FAE04EC0-301F-11D3-BF4B-00C04F79EFBC}") = "BitcoinPriceTracking", "BitcoinPriceTracking\BitcoinPriceTracking.csproj", "{0D1EE2F0-1E7D-40B6-BDCA-795C60B383FA}"
EndProject
Project("{2150E333-8FDC-42A3-9474-1A3956D46DE8}") = "BE", "BE", "{02EA681E-C7D8-13C7-8484-4AC65E1B71E8}"
EndProject
Project("{2150E333-8FDC-42A3-9474-1A3956D46DE8}") = "Tests", "Tests", "{E8A6C40A-2741-4AB3-BCCB-D0C27AEED810}"
EndProject
Project("{2150E333-8FDC-42A3-9474-1A3956D46DE8}") = "_Documents", "_Documents", "{E01D1B48-BB08-4053-804A-C20D9D425FC8}"
	ProjectSection(SolutionItems) = preProject
		README.md = README.md
	EndProjectSection
EndProject
Project("{FAE04EC0-301F-11D3-BF4B-00C04F79EFBC}") = "BitcoinPriceTracking.BE.BusinessLogic", "BitcoinPriceTracking.BE.BusinessLogic\BitcoinPriceTracking.BE.BusinessLogic.csproj", "{A142B836-F4A8-4F2B-87E8-B3A69643A20D}"
EndProject
Project("{FAE04EC0-301F-11D3-BF4B-00C04F79EFBC}") = "BitcoinPriceTracking.BE.DB", "BitcoinPriceTracking.BE.DB\BitcoinPriceTracking.BE.DB.csproj", "{E4D55B8C-7628-4B8B-A7A1-20B164B95BED}"
EndProject
Project("{FAE04EC0-301F-11D3-BF4B-00C04F79EFBC}") = "BitcoinPriceTracking.BE.Shared", "BitcoinPriceTracking.BE.Shared\BitcoinPriceTracking.BE.Shared.csproj", "{25DE9D97-4EF6-4E89-B8FC-1BC4887F69C5}"
EndProject
Global
	GlobalSection(SolutionConfigurationPlatforms) = preSolution
		Debug|Any CPU = Debug|Any CPU
		Release|Any CPU = Release|Any CPU
	EndGlobalSection
	GlobalSection(ProjectConfigurationPlatforms) = postSolution
		{0D1EE2F0-1E7D-40B6-BDCA-795C60B383FA}.Debug|Any CPU.ActiveCfg = Debug|Any CPU
		{0D1EE2F0-1E7D-40B6-BDCA-795C60B383FA}.Debug|Any CPU.Build.0 = Debug|Any CPU
		{0D1EE2F0-1E7D-40B6-BDCA-795C60B383FA}.Release|Any CPU.ActiveCfg = Release|Any CPU
		{0D1EE2F0-1E7D-40B6-BDCA-795C60B383FA}.Release|Any CPU.Build.0 = Release|Any CPU
		{A142B836-F4A8-4F2B-87E8-B3A69643A20D}.Debug|Any CPU.ActiveCfg = Debug|Any CPU
		{A142B836-F4A8-4F2B-87E8-B3A69643A20D}.Debug|Any CPU.Build.0 = Debug|Any CPU
		{A142B836-F4A8-4F2B-87E8-B3A69643A20D}.Release|Any CPU.ActiveCfg = Release|Any CPU
		{A142B836-F4A8-4F2B-87E8-B3A69643A20D}.Release|Any CPU.Build.0 = Release|Any CPU
		{E4D55B8C-7628-4B8B-A7A1-20B164B95BED}.Debug|Any CPU.ActiveCfg = Debug|Any CPU
		{E4D55B8C-7628-4B8B-A7A1-20B164B95BED}.Debug|Any CPU.Build.0 = Debug|Any CPU
		{E4D55B8C-7628-4B8B-A7A1-20B164B95BED}.Release|Any CPU.ActiveCfg = Release|Any CPU
		{E4D55B8C-7628-4B8B-A7A1-20B164B95BED}.Release|Any CPU.Build.0 = Release|Any CPU
		{25DE9D97-4EF6-4E89-B8FC-1BC4887F69C5}.Debug|Any CPU.ActiveCfg = Debug|Any CPU
		{25DE9D97-4EF6-4E89-B8FC-1BC4887F69C5}.Debug|Any CPU.Build.0 = Debug|Any CPU
		{25DE9D97-4EF6-4E89-B8FC-1BC4887F69C5}.Release|Any CPU.ActiveCfg = Release|Any CPU
		{25DE9D97-4EF6-4E89-B8FC-1BC4887F69C5}.Release|Any CPU.Build.0 = Release|Any CPU
	EndGlobalSection
	GlobalSection(SolutionProperties) = preSolution
		HideSolutionNode = FALSE
	EndGlobalSection
	GlobalSection(NestedProjects) = preSolution
		{A142B836-F4A8-4F2B-87E8-B3A69643A20D} = {02EA681E-C7D8-13C7-8484-4AC65E1B71E8}
		{E4D55B8C-7628-4B8B-A7A1-20B164B95BED} = {02EA681E-C7D8-13C7-8484-4AC65E1B71E8}
		{25DE9D97-4EF6-4E89-B8FC-1BC4887F69C5} = {02EA681E-C7D8-13C7-8484-4AC65E1B71E8}
	EndGlobalSection
	GlobalSection(ExtensibilityGlobals) = postSolution
		SolutionGuid = {8A74A4CB-7DF5-4B61-8CB2-833E96F46A9D}
	EndGlobalSection
EndGlobal
